// !$*UTF8*$!
{
	archiveVersion = 1;
	classes = {
	};
	objectVersion = 46;
	objects = {

/* Begin PBXBuildFile section */
		8E14FCD219E816990031C1A3 /* AFTouchView.m in Sources */ = {isa = PBXBuildFile; fileRef = 8E14FCD119E816990031C1A3 /* AFTouchView.m */; };
		8E14FCD619E92A0C0031C1A3 /* README.md in Sources */ = {isa = PBXBuildFile; fileRef = 8E14FCD519E92A0C0031C1A3 /* README.md */; };
		8E6F632619E2CF160034F076 /* QXCameraKit.framework in Frameworks */ = {isa = PBXBuildFile; fileRef = 8E8B37DE19E2CB6A0053B1F1 /* QXCameraKit.framework */; };
		8E6F632719E2CF1C0034F076 /* QXCameraKit.framework in CopyFiles */ = {isa = PBXBuildFile; fileRef = 8E8B37DE19E2CB6A0053B1F1 /* QXCameraKit.framework */; settings = {ATTRIBUTES = (CodeSignOnCopy, RemoveHeadersOnCopy, ); }; };
		8E8B37B519E2CB4F0053B1F1 /* main.m in Sources */ = {isa = PBXBuildFile; fileRef = 8E8B37B419E2CB4F0053B1F1 /* main.m */; };
		8E8B37B819E2CB4F0053B1F1 /* AppDelegate.m in Sources */ = {isa = PBXBuildFile; fileRef = 8E8B37B719E2CB4F0053B1F1 /* AppDelegate.m */; };
		8E8B37C019E2CB4F0053B1F1 /* Images.xcassets in Resources */ = {isa = PBXBuildFile; fileRef = 8E8B37BF19E2CB4F0053B1F1 /* Images.xcassets */; };
		8E8B37CF19E2CB4F0053B1F1 /* SampleQXCameraKitTests.m in Sources */ = {isa = PBXBuildFile; fileRef = 8E8B37CE19E2CB4F0053B1F1 /* SampleQXCameraKitTests.m */; };
		8E8B37E719E2CB7A0053B1F1 /* CameraViewController.m in Sources */ = {isa = PBXBuildFile; fileRef = 8E8B37E519E2CB7A0053B1F1 /* CameraViewController.m */; };
		8E8B37E819E2CB7A0053B1F1 /* CameraViewController.xib in Resources */ = {isa = PBXBuildFile; fileRef = 8E8B37E619E2CB7A0053B1F1 /* CameraViewController.xib */; };
/* End PBXBuildFile section */

/* Begin PBXContainerItemProxy section */
		8E6F632419E2CF110034F076 /* PBXContainerItemProxy */ = {
			isa = PBXContainerItemProxy;
			containerPortal = 8E8B37D819E2CB6A0053B1F1 /* QXCameraKit.xcodeproj */;
			proxyType = 1;
			remoteGlobalIDString = 8E8B371119E1343B0053B1F1;
			remoteInfo = QXCameraKit;
		};
		8E8B37C919E2CB4F0053B1F1 /* PBXContainerItemProxy */ = {
			isa = PBXContainerItemProxy;
			containerPortal = 8E8B37A719E2CB4F0053B1F1 /* Project object */;
			proxyType = 1;
			remoteGlobalIDString = 8E8B37AE19E2CB4F0053B1F1;
			remoteInfo = SampleQXCameraKit;
		};
		8E8B37DD19E2CB6A0053B1F1 /* PBXContainerItemProxy */ = {
			isa = PBXContainerItemProxy;
			containerPortal = 8E8B37D819E2CB6A0053B1F1 /* QXCameraKit.xcodeproj */;
			proxyType = 2;
			remoteGlobalIDString = 8E8B371219E1343B0053B1F1;
			remoteInfo = QXCameraKit;
		};
		8E8B37DF19E2CB6A0053B1F1 /* PBXContainerItemProxy */ = {
			isa = PBXContainerItemProxy;
			containerPortal = 8E8B37D819E2CB6A0053B1F1 /* QXCameraKit.xcodeproj */;
			proxyType = 2;
			remoteGlobalIDString = 8E8B371D19E1343B0053B1F1;
			remoteInfo = QXCameraKitTests;
		};
/* End PBXContainerItemProxy section */

/* Begin PBXCopyFilesBuildPhase section */
		8E8B37EC19E2CBBF0053B1F1 /* CopyFiles */ = {
			isa = PBXCopyFilesBuildPhase;
			buildActionMask = 2147483647;
			dstPath = "";
			dstSubfolderSpec = 10;
			files = (
				8E6F632719E2CF1C0034F076 /* QXCameraKit.framework in CopyFiles */,
			);
			runOnlyForDeploymentPostprocessing = 0;
		};
/* End PBXCopyFilesBuildPhase section */

/* Begin PBXFileReference section */
		8E14FCD019E816990031C1A3 /* AFTouchView.h */ = {isa = PBXFileReference; fileEncoding = 4; lastKnownFileType = sourcecode.c.h; path = AFTouchView.h; sourceTree = "<group>"; };
		8E14FCD119E816990031C1A3 /* AFTouchView.m */ = {isa = PBXFileReference; fileEncoding = 4; lastKnownFileType = sourcecode.c.objc; path = AFTouchView.m; sourceTree = "<group>"; };
		8E14FCD519E92A0C0031C1A3 /* README.md */ = {isa = PBXFileReference; fileEncoding = 4; lastKnownFileType = net.daringfireball.markdown; path = README.md; sourceTree = SOURCE_ROOT; };
		8E8B37AF19E2CB4F0053B1F1 /* SampleQXCameraKit.app */ = {isa = PBXFileReference; explicitFileType = wrapper.application; includeInIndex = 0; path = SampleQXCameraKit.app; sourceTree = BUILT_PRODUCTS_DIR; };
		8E8B37B319E2CB4F0053B1F1 /* Info.plist */ = {isa = PBXFileReference; lastKnownFileType = text.plist.xml; path = Info.plist; sourceTree = "<group>"; };
		8E8B37B419E2CB4F0053B1F1 /* main.m */ = {isa = PBXFileReference; lastKnownFileType = sourcecode.c.objc; path = main.m; sourceTree = "<group>"; };
		8E8B37B619E2CB4F0053B1F1 /* AppDelegate.h */ = {isa = PBXFileReference; lastKnownFileType = sourcecode.c.h; path = AppDelegate.h; sourceTree = "<group>"; };
		8E8B37B719E2CB4F0053B1F1 /* AppDelegate.m */ = {isa = PBXFileReference; lastKnownFileType = sourcecode.c.objc; path = AppDelegate.m; sourceTree = "<group>"; };
		8E8B37BF19E2CB4F0053B1F1 /* Images.xcassets */ = {isa = PBXFileReference; lastKnownFileType = folder.assetcatalog; path = Images.xcassets; sourceTree = "<group>"; };
		8E8B37C819E2CB4F0053B1F1 /* SampleQXCameraKitTests.xctest */ = {isa = PBXFileReference; explicitFileType = wrapper.cfbundle; includeInIndex = 0; path = SampleQXCameraKitTests.xctest; sourceTree = BUILT_PRODUCTS_DIR; };
		8E8B37CD19E2CB4F0053B1F1 /* Info.plist */ = {isa = PBXFileReference; lastKnownFileType = text.plist.xml; path = Info.plist; sourceTree = "<group>"; };
		8E8B37CE19E2CB4F0053B1F1 /* SampleQXCameraKitTests.m */ = {isa = PBXFileReference; lastKnownFileType = sourcecode.c.objc; path = SampleQXCameraKitTests.m; sourceTree = "<group>"; };
		8E8B37D819E2CB6A0053B1F1 /* QXCameraKit.xcodeproj */ = {isa = PBXFileReference; lastKnownFileType = "wrapper.pb-project"; name = QXCameraKit.xcodeproj; path = ../QXCameraKit/QXCameraKit.xcodeproj; sourceTree = "<group>"; };
		8E8B37E419E2CB7A0053B1F1 /* CameraViewController.h */ = {isa = PBXFileReference; fileEncoding = 4; lastKnownFileType = sourcecode.c.h; path = CameraViewController.h; sourceTree = "<group>"; };
		8E8B37E519E2CB7A0053B1F1 /* CameraViewController.m */ = {isa = PBXFileReference; fileEncoding = 4; lastKnownFileType = sourcecode.c.objc; path = CameraViewController.m; sourceTree = "<group>"; };
		8E8B37E619E2CB7A0053B1F1 /* CameraViewController.xib */ = {isa = PBXFileReference; fileEncoding = 4; lastKnownFileType = file.xib; path = CameraViewController.xib; sourceTree = "<group>"; };
/* End PBXFileReference section */

/* Begin PBXFrameworksBuildPhase section */
		8E8B37AC19E2CB4F0053B1F1 /* Frameworks */ = {
			isa = PBXFrameworksBuildPhase;
			buildActionMask = 2147483647;
			files = (
				8E6F632619E2CF160034F076 /* QXCameraKit.framework in Frameworks */,
			);
			runOnlyForDeploymentPostprocessing = 0;
		};
		8E8B37C519E2CB4F0053B1F1 /* Frameworks */ = {
			isa = PBXFrameworksBuildPhase;
			buildActionMask = 2147483647;
			files = (
			);
			runOnlyForDeploymentPostprocessing = 0;
		};
/* End PBXFrameworksBuildPhase section */

/* Begin PBXGroup section */
		8E8B37A619E2CB4F0053B1F1 = {
			isa = PBXGroup;
			children = (
				8E8B37D819E2CB6A0053B1F1 /* QXCameraKit.xcodeproj */,
				8E8B37B119E2CB4F0053B1F1 /* SampleQXCameraKit */,
				8E8B37CB19E2CB4F0053B1F1 /* SampleQXCameraKitTests */,
				8E8B37B019E2CB4F0053B1F1 /* Products */,
			);
			sourceTree = "<group>";
		};
		8E8B37B019E2CB4F0053B1F1 /* Products */ = {
			isa = PBXGroup;
			children = (
				8E8B37AF19E2CB4F0053B1F1 /* SampleQXCameraKit.app */,
				8E8B37C819E2CB4F0053B1F1 /* SampleQXCameraKitTests.xctest */,
			);
			name = Products;
			sourceTree = "<group>";
		};
		8E8B37B119E2CB4F0053B1F1 /* SampleQXCameraKit */ = {
			isa = PBXGroup;
			children = (
				8E14FCD019E816990031C1A3 /* AFTouchView.h */,
				8E14FCD119E816990031C1A3 /* AFTouchView.m */,
				8E8B37E419E2CB7A0053B1F1 /* CameraViewController.h */,
				8E8B37E519E2CB7A0053B1F1 /* CameraViewController.m */,
				8E8B37E619E2CB7A0053B1F1 /* CameraViewController.xib */,
				8E8B37B619E2CB4F0053B1F1 /* AppDelegate.h */,
				8E8B37B719E2CB4F0053B1F1 /* AppDelegate.m */,
				8E8B37BF19E2CB4F0053B1F1 /* Images.xcassets */,
				8E8B37B219E2CB4F0053B1F1 /* Supporting Files */,
			);
			path = SampleQXCameraKit;
			sourceTree = "<group>";
		};
		8E8B37B219E2CB4F0053B1F1 /* Supporting Files */ = {
			isa = PBXGroup;
			children = (
				8E14FCD519E92A0C0031C1A3 /* README.md */,
				8E8B37B319E2CB4F0053B1F1 /* Info.plist */,
				8E8B37B419E2CB4F0053B1F1 /* main.m */,
			);
			name = "Supporting Files";
			sourceTree = "<group>";
		};
		8E8B37CB19E2CB4F0053B1F1 /* SampleQXCameraKitTests */ = {
			isa = PBXGroup;
			children = (
				8E8B37CE19E2CB4F0053B1F1 /* SampleQXCameraKitTests.m */,
				8E8B37CC19E2CB4F0053B1F1 /* Supporting Files */,
			);
			path = SampleQXCameraKitTests;
			sourceTree = "<group>";
		};
		8E8B37CC19E2CB4F0053B1F1 /* Supporting Files */ = {
			isa = PBXGroup;
			children = (
				8E8B37CD19E2CB4F0053B1F1 /* Info.plist */,
			);
			name = "Supporting Files";
			sourceTree = "<group>";
		};
		8E8B37D919E2CB6A0053B1F1 /* Products */ = {
			isa = PBXGroup;
			children = (
				8E8B37DE19E2CB6A0053B1F1 /* QXCameraKit.framework */,
				8E8B37E019E2CB6A0053B1F1 /* QXCameraKitTests.xctest */,
			);
			name = Products;
			sourceTree = "<group>";
		};
/* End PBXGroup section */

/* Begin PBXNativeTarget section */
		8E8B37AE19E2CB4F0053B1F1 /* SampleQXCameraKit */ = {
			isa = PBXNativeTarget;
			buildConfigurationList = 8E8B37D219E2CB4F0053B1F1 /* Build configuration list for PBXNativeTarget "SampleQXCameraKit" */;
			buildPhases = (
				8E8B37AB19E2CB4F0053B1F1 /* Sources */,
				8E8B37AC19E2CB4F0053B1F1 /* Frameworks */,
				8E8B37AD19E2CB4F0053B1F1 /* Resources */,
				8E8B37EC19E2CBBF0053B1F1 /* CopyFiles */,
			);
			buildRules = (
			);
			dependencies = (
				8E6F632519E2CF110034F076 /* PBXTargetDependency */,
			);
			name = SampleQXCameraKit;
			productName = SampleQXCameraKit;
			productReference = 8E8B37AF19E2CB4F0053B1F1 /* SampleQXCameraKit.app */;
			productType = "com.apple.product-type.application";
		};
		8E8B37C719E2CB4F0053B1F1 /* SampleQXCameraKitTests */ = {
			isa = PBXNativeTarget;
			buildConfigurationList = 8E8B37D519E2CB4F0053B1F1 /* Build configuration list for PBXNativeTarget "SampleQXCameraKitTests" */;
			buildPhases = (
				8E8B37C419E2CB4F0053B1F1 /* Sources */,
				8E8B37C519E2CB4F0053B1F1 /* Frameworks */,
				8E8B37C619E2CB4F0053B1F1 /* Resources */,
			);
			buildRules = (
			);
			dependencies = (
				8E8B37CA19E2CB4F0053B1F1 /* PBXTargetDependency */,
			);
			name = SampleQXCameraKitTests;
			productName = SampleQXCameraKitTests;
			productReference = 8E8B37C819E2CB4F0053B1F1 /* SampleQXCameraKitTests.xctest */;
			productType = "com.apple.product-type.bundle.unit-test";
		};
/* End PBXNativeTarget section */

/* Begin PBXProject section */
		8E8B37A719E2CB4F0053B1F1 /* Project object */ = {
			isa = PBXProject;
			attributes = {
				LastUpgradeCheck = 0600;
				ORGANIZATIONNAME = "Hirakawa Akira";
				TargetAttributes = {
					8E8B37AE19E2CB4F0053B1F1 = {
						CreatedOnToolsVersion = 6.0.1;
					};
					8E8B37C719E2CB4F0053B1F1 = {
						CreatedOnToolsVersion = 6.0.1;
						TestTargetID = 8E8B37AE19E2CB4F0053B1F1;
					};
				};
			};
			buildConfigurationList = 8E8B37AA19E2CB4F0053B1F1 /* Build configuration list for PBXProject "SampleQXCameraKit" */;
			compatibilityVersion = "Xcode 3.2";
			developmentRegion = English;
			hasScannedForEncodings = 0;
			knownRegions = (
				en,
				Base,
			);
			mainGroup = 8E8B37A619E2CB4F0053B1F1;
			productRefGroup = 8E8B37B019E2CB4F0053B1F1 /* Products */;
			projectDirPath = "";
			projectReferences = (
				{
					ProductGroup = 8E8B37D919E2CB6A0053B1F1 /* Products */;
					ProjectRef = 8E8B37D819E2CB6A0053B1F1 /* QXCameraKit.xcodeproj */;
				},
			);
			projectRoot = "";
			targets = (
				8E8B37AE19E2CB4F0053B1F1 /* SampleQXCameraKit */,
				8E8B37C719E2CB4F0053B1F1 /* SampleQXCameraKitTests */,
			);
		};
/* End PBXProject section */

/* Begin PBXReferenceProxy section */
		8E8B37DE19E2CB6A0053B1F1 /* QXCameraKit.framework */ = {
			isa = PBXReferenceProxy;
			fileType = wrapper.framework;
			path = QXCameraKit.framework;
			remoteRef = 8E8B37DD19E2CB6A0053B1F1 /* PBXContainerItemProxy */;
			sourceTree = BUILT_PRODUCTS_DIR;
		};
		8E8B37E019E2CB6A0053B1F1 /* QXCameraKitTests.xctest */ = {
			isa = PBXReferenceProxy;
			fileType = wrapper.cfbundle;
			path = QXCameraKitTests.xctest;
			remoteRef = 8E8B37DF19E2CB6A0053B1F1 /* PBXContainerItemProxy */;
			sourceTree = BUILT_PRODUCTS_DIR;
		};
/* End PBXReferenceProxy section */

/* Begin PBXResourcesBuildPhase section */
		8E8B37AD19E2CB4F0053B1F1 /* Resources */ = {
			isa = PBXResourcesBuildPhase;
			buildActionMask = 2147483647;
			files = (
				8E8B37E819E2CB7A0053B1F1 /* CameraViewController.xib in Resources */,
				8E8B37C019E2CB4F0053B1F1 /* Images.xcassets in Resources */,
			);
			runOnlyForDeploymentPostprocessing = 0;
		};
		8E8B37C619E2CB4F0053B1F1 /* Resources */ = {
			isa = PBXResourcesBuildPhase;
			buildActionMask = 2147483647;
			files = (
			);
			runOnlyForDeploymentPostprocessing = 0;
		};
/* End PBXResourcesBuildPhase section */

/* Begin PBXSourcesBuildPhase section */
		8E8B37AB19E2CB4F0053B1F1 /* Sources */ = {
			isa = PBXSourcesBuildPhase;
			buildActionMask = 2147483647;
			files = (
				8E14FCD219E816990031C1A3 /* AFTouchView.m in Sources */,
				8E8B37E719E2CB7A0053B1F1 /* CameraViewController.m in Sources */,
				8E14FCD619E92A0C0031C1A3 /* README.md in Sources */,
				8E8B37B819E2CB4F0053B1F1 /* AppDelegate.m in Sources */,
				8E8B37B519E2CB4F0053B1F1 /* main.m in Sources */,
			);
			runOnlyForDeploymentPostprocessing = 0;
		};
		8E8B37C419E2CB4F0053B1F1 /* Sources */ = {
			isa = PBXSourcesBuildPhase;
			buildActionMask = 2147483647;
			files = (
				8E8B37CF19E2CB4F0053B1F1 /* SampleQXCameraKitTests.m in Sources */,
			);
			runOnlyForDeploymentPostprocessing = 0;
		};
/* End PBXSourcesBuildPhase section */

/* Begin PBXTargetDependency section */
		8E6F632519E2CF110034F076 /* PBXTargetDependency */ = {
			isa = PBXTargetDependency;
			name = QXCameraKit;
			targetProxy = 8E6F632419E2CF110034F076 /* PBXContainerItemProxy */;
		};
		8E8B37CA19E2CB4F0053B1F1 /* PBXTargetDependency */ = {
			isa = PBXTargetDependency;
			target = 8E8B37AE19E2CB4F0053B1F1 /* SampleQXCameraKit */;
			targetProxy = 8E8B37C919E2CB4F0053B1F1 /* PBXContainerItemProxy */;
		};
/* End PBXTargetDependency section */

/* Begin XCBuildConfiguration section */
		8E8B37D019E2CB4F0053B1F1 /* Debug */ = {
			isa = XCBuildConfiguration;
			buildSettings = {
				ALWAYS_SEARCH_USER_PATHS = NO;
				CLANG_CXX_LANGUAGE_STANDARD = "gnu++0x";
				CLANG_CXX_LIBRARY = "libc++";
				CLANG_ENABLE_MODULES = YES;
				CLANG_ENABLE_OBJC_ARC = YES;
				CLANG_WARN_BOOL_CONVERSION = YES;
				CLANG_WARN_CONSTANT_CONVERSION = YES;
				CLANG_WARN_DIRECT_OBJC_ISA_USAGE = YES_ERROR;
				CLANG_WARN_EMPTY_BODY = YES;
				CLANG_WARN_ENUM_CONVERSION = YES;
				CLANG_WARN_INT_CONVERSION = YES;
				CLANG_WARN_OBJC_ROOT_CLASS = YES_ERROR;
				CLANG_WARN_UNREACHABLE_CODE = YES;
				CLANG_WARN__DUPLICATE_METHOD_MATCH = YES;
				"CODE_SIGN_IDENTITY[sdk=iphoneos*]" = "iPhone Developer";
				COPY_PHASE_STRIP = NO;
				ENABLE_STRICT_OBJC_MSGSEND = YES;
				FRAMEWORK_SEARCH_PATHS = "";
				GCC_C_LANGUAGE_STANDARD = gnu99;
				GCC_DYNAMIC_NO_PIC = NO;
				GCC_OPTIMIZATION_LEVEL = 0;
				GCC_PREPROCESSOR_DEFINITIONS = (
					"DEBUG=1",
					"$(inherited)",
				);
				GCC_SYMBOLS_PRIVATE_EXTERN = NO;
				GCC_WARN_64_TO_32_BIT_CONVERSION = YES;
				GCC_WARN_ABOUT_RETURN_TYPE = YES_ERROR;
				GCC_WARN_UNDECLARED_SELECTOR = YES;
				GCC_WARN_UNINITIALIZED_AUTOS = YES_AGGRESSIVE;
				GCC_WARN_UNUSED_FUNCTION = YES;
				GCC_WARN_UNUSED_VARIABLE = YES;
				IPHONEOS_DEPLOYMENT_TARGET = 8.0;
				MTL_ENABLE_DEBUG_INFO = YES;
				ONLY_ACTIVE_ARCH = YES;
				SDKROOT = iphoneos;
			};
			name = Debug;
		};
		8E8B37D119E2CB4F0053B1F1 /* Release */ = {
			isa = XCBuildConfiguration;
			buildSettings = {
				ALWAYS_SEARCH_USER_PATHS = NO;
				CLANG_CXX_LANGUAGE_STANDARD = "gnu++0x";
				CLANG_CXX_LIBRARY = "libc++";
				CLANG_ENABLE_MODULES = YES;
				CLANG_ENABLE_OBJC_ARC = YES;
				CLANG_WARN_BOOL_CONVERSION = YES;
				CLANG_WARN_CONSTANT_CONVERSION = YES;
				CLANG_WARN_DIRECT_OBJC_ISA_USAGE = YES_ERROR;
				CLANG_WARN_EMPTY_BODY = YES;
				CLANG_WARN_ENUM_CONVERSION = YES;
				CLANG_WARN_INT_CONVERSION = YES;
				CLANG_WARN_OBJC_ROOT_CLASS = YES_ERROR;
				CLANG_WARN_UNREACHABLE_CODE = YES;
				CLANG_WARN__DUPLICATE_METHOD_MATCH = YES;
				"CODE_SIGN_IDENTITY[sdk=iphoneos*]" = "iPhone Developer";
				COPY_PHASE_STRIP = YES;
				ENABLE_NS_ASSERTIONS = NO;
				ENABLE_STRICT_OBJC_MSGSEND = YES;
				FRAMEWORK_SEARCH_PATHS = "";
				GCC_C_LANGUAGE_STANDARD = gnu99;
				GCC_WARN_64_TO_32_BIT_CONVERSION = YES;
				GCC_WARN_ABOUT_RETURN_TYPE = YES_ERROR;
				GCC_WARN_UNDECLARED_SELECTOR = YES;
				GCC_WARN_UNINITIALIZED_AUTOS = YES_AGGRESSIVE;
				GCC_WARN_UNUSED_FUNCTION = YES;
				GCC_WARN_UNUSED_VARIABLE = YES;
				IPHONEOS_DEPLOYMENT_TARGET = 8.0;
				MTL_ENABLE_DEBUG_INFO = NO;
				SDKROOT = iphoneos;
				VALIDATE_PRODUCT = YES;
			};
			name = Release;
		};
		8E8B37D319E2CB4F0053B1F1 /* Debug */ = {
			isa = XCBuildConfiguration;
			buildSettings = {
				ALWAYS_SEARCH_USER_PATHS = YES;
				ASSETCATALOG_COMPILER_APPICON_NAME = AppIcon;
				FRAMEWORK_SEARCH_PATHS = "";
				INFOPLIST_FILE = SampleQXCameraKit/Info.plist;
				LD_RUNPATH_SEARCH_PATHS = "$(inherited) @executable_path/Frameworks";
				LIBRARY_SEARCH_PATHS = "";
				PRODUCT_NAME = "$(TARGET_NAME)";
				USER_HEADER_SEARCH_PATHS = "$(SRCROOT)/../QXCameraKit";
			};
			name = Debug;
		};
		8E8B37D419E2CB4F0053B1F1 /* Release */ = {
			isa = XCBuildConfiguration;
			buildSettings = {
				ALWAYS_SEARCH_USER_PATHS = YES;
				ASSETCATALOG_COMPILER_APPICON_NAME = AppIcon;
				FRAMEWORK_SEARCH_PATHS = "";
				INFOPLIST_FILE = SampleQXCameraKit/Info.plist;
				LD_RUNPATH_SEARCH_PATHS = "$(inherited) @executable_path/Frameworks";
				LIBRARY_SEARCH_PATHS = "";
				PRODUCT_NAME = "$(TARGET_NAME)";
				USER_HEADER_SEARCH_PATHS = "$(SRCROOT)/../QXCameraKit";
			};
			name = Release;
		};
		8E8B37D619E2CB4F0053B1F1 /* Debug */ = {
			isa = XCBuildConfiguration;
			buildSettings = {
				BUNDLE_LOADER = "$(TEST_HOST)";
				FRAMEWORK_SEARCH_PATHS = (
					"$(SDKROOT)/Developer/Library/Frameworks",
					"$(inherited)",
				);
				GCC_PREPROCESSOR_DEFINITIONS = (
					"DEBUG=1",
					"$(inherited)",
				);
				INFOPLIST_FILE = SampleQXCameraKitTests/Info.plist;
				LD_RUNPATH_SEARCH_PATHS = "$(inherited) @executable_path/Frameworks @loader_path/Frameworks";
				PRODUCT_NAME = "$(TARGET_NAME)";
				TEST_HOST = "$(BUILT_PRODUCTS_DIR)/SampleQXCameraKit.app/SampleQXCameraKit";
			};
			name = Debug;
		};
		8E8B37D719E2CB4F0053B1F1 /* Release */ = {
			isa = XCBuildConfiguration;
			buildSettings = {
				BUNDLE_LOADER = "$(TEST_HOST)";
				FRAMEWORK_SEARCH_PATHS = (
					"$(SDKROOT)/Developer/Library/Frameworks",
					"$(inherited)",
				);
				INFOPLIST_FILE = SampleQXCameraKitTests/Info.plist;
				LD_RUNPATH_SEARCH_PATHS = "$(inherited) @executable_path/Frameworks @loader_path/Frameworks";
				PRODUCT_NAME = "$(TARGET_NAME)";
				TEST_HOST = "$(BUILT_PRODUCTS_DIR)/SampleQXCameraKit.app/SampleQXCameraKit";
			};
			name = Release;
		};
/* End XCBuildConfiguration section */

/* Begin XCConfigurationList section */
		8E8B37AA19E2CB4F0053B1F1 /* Build configuration list for PBXProject "SampleQXCameraKit" */ = {
			isa = XCConfigurationList;
			buildConfigurations = (
				8E8B37D019E2CB4F0053B1F1 /* Debug */,
				8E8B37D119E2CB4F0053B1F1 /* Release */,
			);
			defaultConfigurationIsVisible = 0;
			defaultConfigurationName = Release;
		};
		8E8B37D219E2CB4F0053B1F1 /* Build configuration list for PBXNativeTarget "SampleQXCameraKit" */ = {
			isa = XCConfigurationList;
			buildConfigurations = (
				8E8B37D319E2CB4F0053B1F1 /* Debug */,
				8E8B37D419E2CB4F0053B1F1 /* Release */,
			);
			defaultConfigurationIsVisible = 0;
			defaultConfigurationName = Release;
		};
		8E8B37D519E2CB4F0053B1F1 /* Build configuration list for PBXNativeTarget "SampleQXCameraKitTests" */ = {
			isa = XCConfigurationList;
			buildConfigurations = (
				8E8B37D619E2CB4F0053B1F1 /* Debug */,
				8E8B37D719E2CB4F0053B1F1 /* Release */,
			);
			defaultConfigurationIsVisible = 0;
			defaultConfigurationName = Release;
		};
/* End XCConfigurationList section */
	};
	rootObject = 8E8B37A719E2CB4F0053B1F1 /* Project object */;
}
